// !$*UTF8*$!
{
	archiveVersion = 1;
	classes = {
	};
	objectVersion = 46;
	objects = {

/* Begin PBXBuildFile section */
		53DCA80220CE6482007437DF /* BlueViewController.swift in Sources */ = {isa = PBXBuildFile; fileRef = 53DCA80120CE6482007437DF /* BlueViewController.swift */; };
		53ECB5E120C6996900930936 /* AppDelegate.swift in Sources */ = {isa = PBXBuildFile; fileRef = 53ECB5E020C6996900930936 /* AppDelegate.swift */; };
		53ECB5E320C6996900930936 /* ViewController.swift in Sources */ = {isa = PBXBuildFile; fileRef = 53ECB5E220C6996900930936 /* ViewController.swift */; };
		53ECB5E620C6996900930936 /* Main.storyboard in Resources */ = {isa = PBXBuildFile; fileRef = 53ECB5E420C6996900930936 /* Main.storyboard */; };
		53ECB5E820C6996900930936 /* Assets.xcassets in Resources */ = {isa = PBXBuildFile; fileRef = 53ECB5E720C6996900930936 /* Assets.xcassets */; };
		53ECB5EB20C6996900930936 /* LaunchScreen.storyboard in Resources */ = {isa = PBXBuildFile; fileRef = 53ECB5E920C6996900930936 /* LaunchScreen.storyboard */; };
		53ECB5F420C6A11300930936 /* AnimalModel.swift in Sources */ = {isa = PBXBuildFile; fileRef = 53ECB5F320C6A11300930936 /* AnimalModel.swift */; };
		53ECB5F620C6A16500930936 /* DogModel.swift in Sources */ = {isa = PBXBuildFile; fileRef = 53ECB5F520C6A16500930936 /* DogModel.swift */; };
		53ECB5F820C6A22600930936 /* CatModel.swift in Sources */ = {isa = PBXBuildFile; fileRef = 53ECB5F720C6A22600930936 /* CatModel.swift */; };
		53ECB5FA20C6A27D00930936 /* BirdModel.swift in Sources */ = {isa = PBXBuildFile; fileRef = 53ECB5F920C6A27D00930936 /* BirdModel.swift */; };
		53ECB5FC20C6D64900930936 /* DatailViewController.swift in Sources */ = {isa = PBXBuildFile; fileRef = 53ECB5FB20C6D64900930936 /* DatailViewController.swift */; };
/* End PBXBuildFile section */

/* Begin PBXFileReference section */
		53DCA80120CE6482007437DF /* BlueViewController.swift */ = {isa = PBXFileReference; fileEncoding = 4; lastKnownFileType = sourcecode.swift; path = BlueViewController.swift; sourceTree = "<group>"; };
		53ECB5DD20C6996900930936 /* randomAnimal.app */ = {isa = PBXFileReference; explicitFileType = wrapper.application; includeInIndex = 0; path = randomAnimal.app; sourceTree = BUILT_PRODUCTS_DIR; };
		53ECB5E020C6996900930936 /* AppDelegate.swift */ = {isa = PBXFileReference; lastKnownFileType = sourcecode.swift; path = AppDelegate.swift; sourceTree = "<group>"; };
		53ECB5E220C6996900930936 /* ViewController.swift */ = {isa = PBXFileReference; lastKnownFileType = sourcecode.swift; path = ViewController.swift; sourceTree = "<group>"; };
		53ECB5E520C6996900930936 /* Base */ = {isa = PBXFileReference; lastKnownFileType = file.storyboard; name = Base; path = Base.lproj/Main.storyboard; sourceTree = "<group>"; };
		53ECB5E720C6996900930936 /* Assets.xcassets */ = {isa = PBXFileReference; lastKnownFileType = folder.assetcatalog; path = Assets.xcassets; sourceTree = "<group>"; };
		53ECB5EA20C6996900930936 /* Base */ = {isa = PBXFileReference; lastKnownFileType = file.storyboard; name = Base; path = Base.lproj/LaunchScreen.storyboard; sourceTree = "<group>"; };
		53ECB5EC20C6996900930936 /* Info.plist */ = {isa = PBXFileReference; lastKnownFileType = text.plist.xml; path = Info.plist; sourceTree = "<group>"; };
		53ECB5F320C6A11300930936 /* AnimalModel.swift */ = {isa = PBXFileReference; fileEncoding = 4; lastKnownFileType = sourcecode.swift; path = AnimalModel.swift; sourceTree = "<group>"; };
		53ECB5F520C6A16500930936 /* DogModel.swift */ = {isa = PBXFileReference; fileEncoding = 4; lastKnownFileType = sourcecode.swift; path = DogModel.swift; sourceTree = "<group>"; };
		53ECB5F720C6A22600930936 /* CatModel.swift */ = {isa = PBXFileReference; fileEncoding = 4; lastKnownFileType = sourcecode.swift; path = CatModel.swift; sourceTree = "<group>"; };
		53ECB5F920C6A27D00930936 /* BirdModel.swift */ = {isa = PBXFileReference; fileEncoding = 4; lastKnownFileType = sourcecode.swift; path = BirdModel.swift; sourceTree = "<group>"; };
		53ECB5FB20C6D64900930936 /* DatailViewController.swift */ = {isa = PBXFileReference; fileEncoding = 4; lastKnownFileType = sourcecode.swift; path = DatailViewController.swift; sourceTree = "<group>"; };
/* End PBXFileReference section */

/* Begin PBXFrameworksBuildPhase section */
		53ECB5DA20C6996900930936 /* Frameworks */ = {
			isa = PBXFrameworksBuildPhase;
			buildActionMask = 2147483647;
			files = (
			);
			runOnlyForDeploymentPostprocessing = 0;
		};
/* End PBXFrameworksBuildPhase section */

/* Begin PBXGroup section */
		53ECB5D420C6996900930936 = {
			isa = PBXGroup;
			children = (
				53ECB5DF20C6996900930936 /* randomAnimal */,
				53ECB5DE20C6996900930936 /* Products */,
			);
			sourceTree = "<group>";
		};
		53ECB5DE20C6996900930936 /* Products */ = {
			isa = PBXGroup;
			children = (
				53ECB5DD20C6996900930936 /* randomAnimal.app */,
			);
			name = Products;
			sourceTree = "<group>";
		};
		53ECB5DF20C6996900930936 /* randomAnimal */ = {
			isa = PBXGroup;
			children = (
				53ECB5F220C6A0C100930936 /* Model */,
				53ECB5E020C6996900930936 /* AppDelegate.swift */,
				53ECB5E220C6996900930936 /* ViewController.swift */,
				53ECB5E420C6996900930936 /* Main.storyboard */,
				53ECB5E720C6996900930936 /* Assets.xcassets */,
				53ECB5E920C6996900930936 /* LaunchScreen.storyboard */,
				53ECB5EC20C6996900930936 /* Info.plist */,
				53ECB5FB20C6D64900930936 /* DatailViewController.swift */,
				53DCA80120CE6482007437DF /* BlueViewController.swift */,
			);
			path = randomAnimal;
			sourceTree = "<group>";
		};
		53ECB5F220C6A0C100930936 /* Model */ = {
			isa = PBXGroup;
			children = (
				53ECB5F320C6A11300930936 /* AnimalModel.swift */,
				53ECB5F520C6A16500930936 /* DogModel.swift */,
				53ECB5F720C6A22600930936 /* CatModel.swift */,
				53ECB5F920C6A27D00930936 /* BirdModel.swift */,
			);
			name = Model;
			sourceTree = "<group>";
		};
/* End PBXGroup section */

/* Begin PBXNativeTarget section */
		53ECB5DC20C6996900930936 /* randomAnimal */ = {
			isa = PBXNativeTarget;
			buildConfigurationList = 53ECB5EF20C6996900930936 /* Build configuration list for PBXNativeTarget "randomAnimal" */;
			buildPhases = (
				53ECB5D920C6996900930936 /* Sources */,
				53ECB5DA20C6996900930936 /* Frameworks */,
				53ECB5DB20C6996900930936 /* Resources */,
			);
			buildRules = (
			);
			dependencies = (
			);
			name = randomAnimal;
			productName = randomAnimal;
			productReference = 53ECB5DD20C6996900930936 /* randomAnimal.app */;
			productType = "com.apple.product-type.application";
		};
/* End PBXNativeTarget section */

/* Begin PBXProject section */
		53ECB5D520C6996900930936 /* Project object */ = {
			isa = PBXProject;
			attributes = {
				LastSwiftUpdateCheck = 0830;
				LastUpgradeCheck = 0830;
				ORGANIZATIONNAME = CHR;
				TargetAttributes = {
					53ECB5DC20C6996900930936 = {
						CreatedOnToolsVersion = 8.3;
						ProvisioningStyle = Automatic;
					};
				};
			};
			buildConfigurationList = 53ECB5D820C6996900930936 /* Build configuration list for PBXProject "randomAnimal" */;
			compatibilityVersion = "Xcode 3.2";
			developmentRegion = English;
			hasScannedForEncodings = 0;
			knownRegions = (
				en,
				Base,
			);
			mainGroup = 53ECB5D420C6996900930936;
			productRefGroup = 53ECB5DE20C6996900930936 /* Products */;
			projectDirPath = "";
			projectRoot = "";
			targets = (
				53ECB5DC20C6996900930936 /* randomAnimal */,
			);
		};
/* End PBXProject section */

/* Begin PBXResourcesBuildPhase section */
		53ECB5DB20C6996900930936 /* Resources */ = {
			isa = PBXResourcesBuildPhase;
			buildActionMask = 2147483647;
			files = (
				53ECB5EB20C6996900930936 /* LaunchScreen.storyboard in Resources */,
				53ECB5E820C6996900930936 /* Assets.xcassets in Resources */,
				53ECB5E620C6996900930936 /* Main.storyboard in Resources */,
			);
			runOnlyForDeploymentPostprocessing = 0;
		};
/* End PBXResourcesBuildPhase section */

/* Begin PBXSourcesBuildPhase section */
		53ECB5D920C6996900930936 /* Sources */ = {
			isa = PBXSourcesBuildPhase;
			buildActionMask = 2147483647;
			files = (
				53ECB5F620C6A16500930936 /* DogModel.swift in Sources */,
				53ECB5E320C6996900930936 /* ViewController.swift in Sources */,
				53DCA80220CE6482007437DF /* BlueViewController.swift in Sources */,
				53ECB5FA20C6A27D00930936 /* BirdModel.swift in Sources */,
				53ECB5FC20C6D64900930936 /* DatailViewController.swift in Sources */,
				53ECB5F420C6A11300930936 /* AnimalModel.swift in Sources */,
				53ECB5F820C6A22600930936 /* CatModel.swift in Sources */,
				53ECB5E120C6996900930936 /* AppDelegate.swift in Sources */,
			);
			runOnlyForDeploymentPostprocessing = 0;
		};
/* End PBXSourcesBuildPhase section */

/* Begin PBXVariantGroup section */
		53ECB5E420C6996900930936 /* Main.storyboard */ = {
			isa = PBXVariantGroup;
			children = (
				53ECB5E520C6996900930936 /* Base */,
			);
			name = Main.storyboard;
			sourceTree = "<group>";
		};
		53ECB5E920C6996900930936 /* LaunchScreen.storyboard */ = {
			isa = PBXVariantGroup;
			children = (
				53ECB5EA20C6996900930936 /* Base */,
			);
			name = LaunchScreen.storyboard;
			sourceTree = "<group>";
		};
/* End PBXVariantGroup section */

/* Begin XCBuildConfiguration section */
		53ECB5ED20C6996900930936 /* Debug */ = {
			isa = XCBuildConfiguration;
			buildSettings = {
				ALWAYS_SEARCH_USER_PATHS = NO;
				CLANG_ANALYZER_NONNULL = YES;
				CLANG_ANALYZER_NUMBER_OBJECT_CONVERSION = YES_AGGRESSIVE;
				CLANG_CXX_LANGUAGE_STANDARD = "gnu++0x";
				CLANG_CXX_LIBRARY = "libc++";
				CLANG_ENABLE_MODULES = YES;
				CLANG_ENABLE_OBJC_ARC = YES;
				CLANG_WARN_BOOL_CONVERSION = YES;
				CLANG_WARN_CONSTANT_CONVERSION = YES;
				CLANG_WARN_DIRECT_OBJC_ISA_USAGE = YES_ERROR;
				CLANG_WARN_DOCUMENTATION_COMMENTS = YES;
				CLANG_WARN_EMPTY_BODY = YES;
				CLANG_WARN_ENUM_CONVERSION = YES;
				CLANG_WARN_INFINITE_RECURSION = YES;
				CLANG_WARN_INT_CONVERSION = YES;
				CLANG_WARN_OBJC_ROOT_CLASS = YES_ERROR;
				CLANG_WARN_SUSPICIOUS_MOVE = YES;
				CLANG_WARN_UNREACHABLE_CODE = YES;
				CLANG_WARN__DUPLICATE_METHOD_MATCH = YES;
				"CODE_SIGN_IDENTITY[sdk=iphoneos*]" = "iPhone Developer";
				COPY_PHASE_STRIP = NO;
				DEBUG_INFORMATION_FORMAT = dwarf;
				ENABLE_STRICT_OBJC_MSGSEND = YES;
				ENABLE_TESTABILITY = YES;
				GCC_C_LANGUAGE_STANDARD = gnu99;
				GCC_DYNAMIC_NO_PIC = NO;
				GCC_NO_COMMON_BLOCKS = YES;
				GCC_OPTIMIZATION_LEVEL = 0;
				GCC_PREPROCESSOR_DEFINITIONS = (
					"DEBUG=1",
					"$(inherited)",
				);
				GCC_WARN_64_TO_32_BIT_CONVERSION = YES;
				GCC_WARN_ABOUT_RETURN_TYPE = YES_ERROR;
				GCC_WARN_UNDECLARED_SELECTOR = YES;
				GCC_WARN_UNINITIALIZED_AUTOS = YES_AGGRESSIVE;
				GCC_WARN_UNUSED_FUNCTION = YES;
				GCC_WARN_UNUSED_VARIABLE = YES;
				IPHONEOS_DEPLOYMENT_TARGET = 10.3;
				MTL_ENABLE_DEBUG_INFO = YES;
				ONLY_ACTIVE_ARCH = YES;
				SDKROOT = iphoneos;
				SWIFT_ACTIVE_COMPILATION_CONDITIONS = DEBUG;
				SWIFT_OPTIMIZATION_LEVEL = "-Onone";
				TARGETED_DEVICE_FAMILY = "1,2";
			};
			name = Debug;
		};
		53ECB5EE20C6996900930936 /* Release */ = {
			isa = XCBuildConfiguration;
			buildSettings = {
				ALWAYS_SEARCH_USER_PATHS = NO;
				CLANG_ANALYZER_NONNULL = YES;
				CLANG_ANALYZER_NUMBER_OBJECT_CONVERSION = YES_AGGRESSIVE;
				CLANG_CXX_LANGUAGE_STANDARD = "gnu++0x";
				CLANG_CXX_LIBRARY = "libc++";
				CLANG_ENABLE_MODULES = YES;
				CLANG_ENABLE_OBJC_ARC = YES;
				CLANG_WARN_BOOL_CONVERSION = YES;
				CLANG_WARN_CONSTANT_CONVERSION = YES;
				CLANG_WARN_DIRECT_OBJC_ISA_USAGE = YES_ERROR;
				CLANG_WARN_DOCUMENTATION_COMMENTS = YES;
				CLANG_WARN_EMPTY_BODY = YES;
				CLANG_WARN_ENUM_CONVERSION = YES;
				CLANG_WARN_INFINITE_RECURSION = YES;
				CLANG_WARN_INT_CONVERSION = YES;
				CLANG_WARN_OBJC_ROOT_CLASS = YES_ERROR;
				CLANG_WARN_SUSPICIOUS_MOVE = YES;
				CLANG_WARN_UNREACHABLE_CODE = YES;
				CLANG_WARN__DUPLICATE_METHOD_MATCH = YES;
				"CODE_SIGN_IDENTITY[sdk=iphoneos*]" = "iPhone Developer";
				COPY_PHASE_STRIP = NO;
				DEBUG_INFORMATION_FORMAT = "dwarf-with-dsym";
				ENABLE_NS_ASSERTIONS = NO;
				ENABLE_STRICT_OBJC_MSGSEND = YES;
				GCC_C_LANGUAGE_STANDARD = gnu99;
				GCC_NO_COMMON_BLOCKS = YES;
				GCC_WARN_64_TO_32_BIT_CONVERSION = YES;
				GCC_WARN_ABOUT_RETURN_TYPE = YES_ERROR;
				GCC_WARN_UNDECLARED_SELECTOR = YES;
				GCC_WARN_UNINITIALIZED_AUTOS = YES_AGGRESSIVE;
				GCC_WARN_UNUSED_FUNCTION = YES;
				GCC_WARN_UNUSED_VARIABLE = YES;
				IPHONEOS_DEPLOYMENT_TARGET = 10.3;
				MTL_ENABLE_DEBUG_INFO = NO;
				SDKROOT = iphoneos;
				SWIFT_OPTIMIZATION_LEVEL = "-Owholemodule";
				TARGETED_DEVICE_FAMILY = "1,2";
				VALIDATE_PRODUCT = YES;
			};
			name = Release;
		};
		53ECB5F020C6996900930936 /* Debug */ = {
			isa = XCBuildConfiguration;
			buildSettings = {
				ASSETCATALOG_COMPILER_APPICON_NAME = AppIcon;
				INFOPLIST_FILE = randomAnimal/Info.plist;
				LD_RUNPATH_SEARCH_PATHS = "$(inherited) @executable_path/Frameworks";
				PRODUCT_BUNDLE_IDENTIFIER = CHR.randomAnimal;
				PRODUCT_NAME = "$(TARGET_NAME)";
				SWIFT_VERSION = 3.0;
			};
			name = Debug;
		};
		53ECB5F120C6996900930936 /* Release */ = {
			isa = XCBuildConfiguration;
			buildSettings = {
				ASSETCATALOG_COMPILER_APPICON_NAME = AppIcon;
				INFOPLIST_FILE = randomAnimal/Info.plist;
				LD_RUNPATH_SEARCH_PATHS = "$(inherited) @executable_path/Frameworks";
				PRODUCT_BUNDLE_IDENTIFIER = CHR.randomAnimal;
				PRODUCT_NAME = "$(TARGET_NAME)";
				SWIFT_VERSION = 3.0;
			};
			name = Release;
		};
/* End XCBuildConfiguration section */

/* Begin XCConfigurationList section */
		53ECB5D820C6996900930936 /* Build configuration list for PBXProject "randomAnimal" */ = {
			isa = XCConfigurationList;
			buildConfigurations = (
				53ECB5ED20C6996900930936 /* Debug */,
				53ECB5EE20C6996900930936 /* Release */,
			);
			defaultConfigurationIsVisible = 0;
			defaultConfigurationName = Release;
		};
		53ECB5EF20C6996900930936 /* Build configuration list for PBXNativeTarget "randomAnimal" */ = {
			isa = XCConfigurationList;
			buildConfigurations = (
				53ECB5F020C6996900930936 /* Debug */,
				53ECB5F120C6996900930936 /* Release */,
			);
			defaultConfigurationIsVisible = 0;
			defaultConfigurationName = Release;
		};
/* End XCConfigurationList section */
	};
	rootObject = 53ECB5D520C6996900930936 /* Project object */;
}
